
Microsoft Visual Studio Solution File, Format Version 12.00
# Visual Studio Version 17
VisualStudioVersion = 17.1.32328.378
MinimumVisualStudioVersion = 10.0.40219.1
Project("{FAE04EC0-301F-11D3-BF4B-00C04F79EFBC}") = "DDA_V3", "DDA_V3.csproj", "{D838C085-EC94-4920-9C0A-C916C3A1EACC}"
EndProject
Global
	GlobalSection(SolutionConfigurationPlatforms) = preSolution
		Debug|Any CPU = Debug|Any CPU
		Release|Any CPU = Release|Any CPU
	EndGlobalSection
	GlobalSection(ProjectConfigurationPlatforms) = postSolution
		{D838C085-EC94-4920-9C0A-C916C3A1EACC}.Debug|Any CPU.ActiveCfg = Debug|Any CPU
		{D838C085-EC94-4920-9C0A-C916C3A1EACC}.Debug|Any CPU.Build.0 = Debug|Any CPU
		{D838C085-EC94-4920-9C0A-C916C3A1EACC}.Release|Any CPU.ActiveCfg = Release|Any CPU
		{D838C085-EC94-4920-9C0A-C916C3A1EACC}.Release|Any CPU.Build.0 = Release|Any CPU
	EndGlobalSection
	GlobalSection(SolutionProperties) = preSolution
		HideSolutionNode = FALSE
	EndGlobalSection
	GlobalSection(ExtensibilityGlobals) = postSolution
		SolutionGuid = {3BCD8C26-AFBB-4729-B85D-BAE98D475B6D}
	EndGlobalSection
EndGlobal
